
Microsoft Visual Studio Solution File, Format Version 12.00
# Visual Studio Version 17
VisualStudioVersion = 17.8.34330.188
MinimumVisualStudioVersion = 10.0.40219.1
Project("{FAE04EC0-301F-11D3-BF4B-00C04F79EFBC}") = "ShopERP", "ShopERP.csproj", "{2099E141-6EBE-4EC7-83B1-1F4DE3480BDB}"
EndProject
Global
	GlobalSection(SolutionConfigurationPlatforms) = preSolution
		Debug|Any CPU = Debug|Any CPU
		Release|Any CPU = Release|Any CPU
	EndGlobalSection
	GlobalSection(ProjectConfigurationPlatforms) = postSolution
		{2099E141-6EBE-4EC7-83B1-1F4DE3480BDB}.Debug|Any CPU.ActiveCfg = Debug|Any CPU
		{2099E141-6EBE-4EC7-83B1-1F4DE3480BDB}.Debug|Any CPU.Build.0 = Debug|Any CPU
		{2099E141-6EBE-4EC7-83B1-1F4DE3480BDB}.Release|Any CPU.ActiveCfg = Release|Any CPU
		{2099E141-6EBE-4EC7-83B1-1F4DE3480BDB}.Release|Any CPU.Build.0 = Release|Any CPU
	EndGlobalSection
	GlobalSection(SolutionProperties) = preSolution
		HideSolutionNode = FALSE
	EndGlobalSection
	GlobalSection(ExtensibilityGlobals) = postSolution
		SolutionGuid = {ED4FEBD5-319F-4450-A38F-744CCD58F93C}
	EndGlobalSection
EndGlobal
